{"plugins":[{"artifact":{"algorithm":"sha256","value":"1dfc4d103921b3462e1c482b3019f6e1838ec62eb9dbd67ffe4602325dd82fe2"},"contractMajor":1,"manifest":{"algorithm":"sha256","value":"9364c470a38c90847af3b002ec0ab3d01318ccde698ae2e70b8cd9993553bd88"},"name":"example","runtime":{"capabilities":["example:users:read"],"entrypoint":"./runtime","kind":"typescript","protocol":1,"transport":"jsonl"},"source":{"kind":"path","locator":"plugin.ts"},"version":"1.0.0"}],"schema":"polici.lock/v2","schemaVersion":2}
